
Microsoft Visual Studio Solution File, Format Version 12.00
# Visual Studio Version 17
VisualStudioVersion = 17.5.33502.453
MinimumVisualStudioVersion = 10.0.40219.1
Project("{FAE04EC0-301F-11D3-BF4B-00C04F79EFBC}") = "OurLockingApp", "OurLockingApp.csproj", "{C12F13DF-AC54-4468-BBE7-931223882CED}"
EndProject
Global
	GlobalSection(SolutionConfigurationPlatforms) = preSolution
		Debug|Any CPU = Debug|Any CPU
		Release|Any CPU = Release|Any CPU
	EndGlobalSection
	GlobalSection(ProjectConfigurationPlatforms) = postSolution
		{C12F13DF-AC54-4468-BBE7-931223882CED}.Debug|Any CPU.ActiveCfg = Debug|Any CPU
		{C12F13DF-AC54-4468-BBE7-931223882CED}.Debug|Any CPU.Build.0 = Debug|Any CPU
		{C12F13DF-AC54-4468-BBE7-931223882CED}.Release|Any CPU.ActiveCfg = Release|Any CPU
		{C12F13DF-AC54-4468-BBE7-931223882CED}.Release|Any CPU.Build.0 = Release|Any CPU
	EndGlobalSection
	GlobalSection(SolutionProperties) = preSolution
		HideSolutionNode = FALSE
	EndGlobalSection
	GlobalSection(ExtensibilityGlobals) = postSolution
		SolutionGuid = {C54B58AE-A585-44B7-832D-ABF4E5C55907}
	EndGlobalSection
EndGlobal
